# THIS IS AN AUTOGENERATED FILE. DO NOT EDIT THIS FILE DIRECTLY.
# yarn lockfile v1


dayjs@^1.11.9:
  version "1.11.9"
  resolved "https://registry.yarnpkg.com/dayjs/-/dayjs-1.11.9.tgz#9ca491933fadd0a60a2c19f6c237c03517d71d1a"
  integrity sha512-QvzAURSbQ0pKdIye2txOzNaHmxtUBXerpY0FJsFXUMKbIZeFm5ht1LS/jFsrncjnmtv8HsG0W2g6c0zUjZWmpA==

dotenv@^16.3.1:
  version "16.3.1"
  resolved "https://registry.yarnpkg.com/dotenv/-/dotenv-16.3.1.tgz#369034de7d7e5b120972693352a3bf112172cc3e"
  integrity sha512-IPzF4w4/Rd94bA9imS68tZBaYyBWSCE47V1RGuMrB94iyTOIEwRmVL2x/4An+6mETpLrKJ5hQkB8W4kFAadeIQ==

lodash@^4.17.21:
  version "4.17.21"
  resolved "https://registry.yarnpkg.com/lodash/-/lodash-4.17.21.tgz#679591c564c3bffaae8454cf0b3df370c3d6911c"
  integrity sha512-v2kDEe57lecTulaDIuNTPy3Ry4gLGJ6Z1O3vE1krgXZNrsQ+LFTGHVxVjcXPs17LhbZVGedAJv8XZ1tvj5FvSg==

xiaohejs@^0.1.7:
  version "0.1.7"
  resolved "https://registry.yarnpkg.com/xiaohejs/-/xiaohejs-0.1.7.tgz#df94b8bad5736022d7e4cd743105eb48dfd3bf10"
  integrity sha512-I+560IGFWcZvZdF4dFTBRByKeRQwjKGtQAgiE4IkXJXwEXjoAnoWFjZal+vBwTn+ALqFa00HZCx/DcA30+vkXQ==
